
Microsoft Visual Studio Solution File, Format Version 12.00
# Visual Studio Version 17
VisualStudioVersion = 17.14.36212.18 d17.14
MinimumVisualStudioVersion = 10.0.40219.1
Project("{FAE04EC0-301F-11D3-BF4B-00C04F79EFBC}") = "loopsExample", "loopsExample\loopsExample.csproj", "{9983D0EC-E375-4021-B55A-E3EE7B4F96EE}"
EndProject
Global
	GlobalSection(SolutionConfigurationPlatforms) = preSolution
		Debug|Any CPU = Debug|Any CPU
		Release|Any CPU = Release|Any CPU
	EndGlobalSection
	GlobalSection(ProjectConfigurationPlatforms) = postSolution
		{9983D0EC-E375-4021-B55A-E3EE7B4F96EE}.Debug|Any CPU.ActiveCfg = Debug|Any CPU
		{9983D0EC-E375-4021-B55A-E3EE7B4F96EE}.Debug|Any CPU.Build.0 = Debug|Any CPU
		{9983D0EC-E375-4021-B55A-E3EE7B4F96EE}.Release|Any CPU.ActiveCfg = Release|Any CPU
		{9983D0EC-E375-4021-B55A-E3EE7B4F96EE}.Release|Any CPU.Build.0 = Release|Any CPU
	EndGlobalSection
	GlobalSection(SolutionProperties) = preSolution
		HideSolutionNode = FALSE
	EndGlobalSection
	GlobalSection(ExtensibilityGlobals) = postSolution
		SolutionGuid = {4253EF08-68B9-470D-9AF7-170074D208E9}
	EndGlobalSection
EndGlobal
