
Microsoft Visual Studio Solution File, Format Version 12.00
# Visual Studio Version 17
VisualStudioVersion = 17.14.36212.18 d17.14
MinimumVisualStudioVersion = 10.0.40219.1
Project("{FAE04EC0-301F-11D3-BF4B-00C04F79EFBC}") = "methodexample", "methodexample\methodexample.csproj", "{9BDB2B51-B1FC-446A-B524-062A22FFB306}"
EndProject
Global
	GlobalSection(SolutionConfigurationPlatforms) = preSolution
		Debug|Any CPU = Debug|Any CPU
		Release|Any CPU = Release|Any CPU
	EndGlobalSection
	GlobalSection(ProjectConfigurationPlatforms) = postSolution
		{9BDB2B51-B1FC-446A-B524-062A22FFB306}.Debug|Any CPU.ActiveCfg = Debug|Any CPU
		{9BDB2B51-B1FC-446A-B524-062A22FFB306}.Debug|Any CPU.Build.0 = Debug|Any CPU
		{9BDB2B51-B1FC-446A-B524-062A22FFB306}.Release|Any CPU.ActiveCfg = Release|Any CPU
		{9BDB2B51-B1FC-446A-B524-062A22FFB306}.Release|Any CPU.Build.0 = Release|Any CPU
	EndGlobalSection
	GlobalSection(SolutionProperties) = preSolution
		HideSolutionNode = FALSE
	EndGlobalSection
	GlobalSection(ExtensibilityGlobals) = postSolution
		SolutionGuid = {CE07F944-2B0E-48F2-9010-AA71CECF42C4}
	EndGlobalSection
EndGlobal
